// !$*UTF8*$!
{
	archiveVersion = 1;
	classes = {
	};
	objectVersion = 46;
	objects = {

/* Begin PBXBuildFile section */
		1D03F59C1DADEB6D00FA3331 /* GeneralUser GS MuseScore v1.442.sf2 in Resources */ = {isa = PBXBuildFile; fileRef = 1D03F59B1DADEB6D00FA3331 /* GeneralUser GS MuseScore v1.442.sf2 */; };
		1D03F5D61DADF05100FA3331 /* Pulse.midi in Resources */ = {isa = PBXBuildFile; fileRef = 1D03F5A01DADF05100FA3331 /* Pulse.midi */; };
		1D03F5D71DADF05100FA3331 /* Sample1.mid in Resources */ = {isa = PBXBuildFile; fileRef = 1D03F5A11DADF05100FA3331 /* Sample1.mid */; };
		1D03F5D81DADF05100FA3331 /* Sample10.mid in Resources */ = {isa = PBXBuildFile; fileRef = 1D03F5A21DADF05100FA3331 /* Sample10.mid */; };
		1D03F5D91DADF05100FA3331 /* Sample11.mid in Resources */ = {isa = PBXBuildFile; fileRef = 1D03F5A31DADF05100FA3331 /* Sample11.mid */; };
		1D03F5DA1DADF05100FA3331 /* Sample12.mid in Resources */ = {isa = PBXBuildFile; fileRef = 1D03F5A41DADF05100FA3331 /* Sample12.mid */; };
		1D03F5DB1DADF05100FA3331 /* Sample13.mid in Resources */ = {isa = PBXBuildFile; fileRef = 1D03F5A51DADF05100FA3331 /* Sample13.mid */; };
		1D03F5DC1DADF05100FA3331 /* Sample14.mid in Resources */ = {isa = PBXBuildFile; fileRef = 1D03F5A61DADF05100FA3331 /* Sample14.mid */; };
		1D03F5DD1DADF05100FA3331 /* Sample15.mid in Resources */ = {isa = PBXBuildFile; fileRef = 1D03F5A71DADF05100FA3331 /* Sample15.mid */; };
		1D03F5DE1DADF05100FA3331 /* Sample16.mid in Resources */ = {isa = PBXBuildFile; fileRef = 1D03F5A81DADF05100FA3331 /* Sample16.mid */; };
		1D03F5DF1DADF05100FA3331 /* Sample17.mid in Resources */ = {isa = PBXBuildFile; fileRef = 1D03F5A91DADF05100FA3331 /* Sample17.mid */; };
		1D03F5E01DADF05100FA3331 /* Sample18.mid in Resources */ = {isa = PBXBuildFile; fileRef = 1D03F5AA1DADF05100FA3331 /* Sample18.mid */; };
		1D03F5E11DADF05100FA3331 /* Sample19.mid in Resources */ = {isa = PBXBuildFile; fileRef = 1D03F5AB1DADF05100FA3331 /* Sample19.mid */; };
		1D03F5E21DADF05100FA3331 /* Sample2.mid in Resources */ = {isa = PBXBuildFile; fileRef = 1D03F5AC1DADF05100FA3331 /* Sample2.mid */; };
		1D03F5E31DADF05100FA3331 /* Sample20.mid in Resources */ = {isa = PBXBuildFile; fileRef = 1D03F5AD1DADF05100FA3331 /* Sample20.mid */; };
		1D03F5E41DADF05100FA3331 /* Sample21.mid in Resources */ = {isa = PBXBuildFile; fileRef = 1D03F5AE1DADF05100FA3331 /* Sample21.mid */; };
		1D03F5E51DADF05100FA3331 /* Sample22.mid in Resources */ = {isa = PBXBuildFile; fileRef = 1D03F5AF1DADF05100FA3331 /* Sample22.mid */; };
		1D03F5E61DADF05100FA3331 /* Sample23.mid in Resources */ = {isa = PBXBuildFile; fileRef = 1D03F5B01DADF05100FA3331 /* Sample23.mid */; };
		1D03F5E71DADF05100FA3331 /* Sample24.mid in Resources */ = {isa = PBXBuildFile; fileRef = 1D03F5B11DADF05100FA3331 /* Sample24.mid */; };
		1D03F5E81DADF05100FA3331 /* Sample25.mid in Resources */ = {isa = PBXBuildFile; fileRef = 1D03F5B21DADF05100FA3331 /* Sample25.mid */; };
		1D03F5E91DADF05100FA3331 /* Sample26.mid in Resources */ = {isa = PBXBuildFile; fileRef = 1D03F5B31DADF05100FA3331 /* Sample26.mid */; };
		1D03F5EA1DADF05100FA3331 /* Sample27.mid in Resources */ = {isa = PBXBuildFile; fileRef = 1D03F5B41DADF05100FA3331 /* Sample27.mid */; };
		1D03F5EB1DADF05100FA3331 /* Sample28.mid in Resources */ = {isa = PBXBuildFile; fileRef = 1D03F5B51DADF05100FA3331 /* Sample28.mid */; };
		1D03F5EC1DADF05100FA3331 /* Sample29.mid in Resources */ = {isa = PBXBuildFile; fileRef = 1D03F5B61DADF05100FA3331 /* Sample29.mid */; };
		1D03F5ED1DADF05100FA3331 /* Sample3.mid in Resources */ = {isa = PBXBuildFile; fileRef = 1D03F5B71DADF05100FA3331 /* Sample3.mid */; };
		1D03F5EE1DADF05100FA3331 /* Sample30.mid in Resources */ = {isa = PBXBuildFile; fileRef = 1D03F5B81DADF05100FA3331 /* Sample30.mid */; };
		1D03F5EF1DADF05100FA3331 /* Sample31.mid in Resources */ = {isa = PBXBuildFile; fileRef = 1D03F5B91DADF05100FA3331 /* Sample31.mid */; };
		1D03F5F01DADF05100FA3331 /* Sample32.mid in Resources */ = {isa = PBXBuildFile; fileRef = 1D03F5BA1DADF05100FA3331 /* Sample32.mid */; };
		1D03F5F11DADF05100FA3331 /* Sample33.mid in Resources */ = {isa = PBXBuildFile; fileRef = 1D03F5BB1DADF05100FA3331 /* Sample33.mid */; };
		1D03F5F21DADF05100FA3331 /* Sample34.mid in Resources */ = {isa = PBXBuildFile; fileRef = 1D03F5BC1DADF05100FA3331 /* Sample34.mid */; };
		1D03F5F31DADF05100FA3331 /* Sample35.mid in Resources */ = {isa = PBXBuildFile; fileRef = 1D03F5BD1DADF05100FA3331 /* Sample35.mid */; };
		1D03F5F41DADF05100FA3331 /* Sample36.mid in Resources */ = {isa = PBXBuildFile; fileRef = 1D03F5BE1DADF05100FA3331 /* Sample36.mid */; };
		1D03F5F51DADF05100FA3331 /* Sample37.mid in Resources */ = {isa = PBXBuildFile; fileRef = 1D03F5BF1DADF05100FA3331 /* Sample37.mid */; };
		1D03F5F61DADF05100FA3331 /* Sample38.mid in Resources */ = {isa = PBXBuildFile; fileRef = 1D03F5C01DADF05100FA3331 /* Sample38.mid */; };
		1D03F5F71DADF05100FA3331 /* Sample39.mid in Resources */ = {isa = PBXBuildFile; fileRef = 1D03F5C11DADF05100FA3331 /* Sample39.mid */; };
		1D03F5F81DADF05100FA3331 /* Sample4.mid in Resources */ = {isa = PBXBuildFile; fileRef = 1D03F5C21DADF05100FA3331 /* Sample4.mid */; };
		1D03F5F91DADF05100FA3331 /* Sample40.mid in Resources */ = {isa = PBXBuildFile; fileRef = 1D03F5C31DADF05100FA3331 /* Sample40.mid */; };
		1D03F5FA1DADF05100FA3331 /* Sample41.mid in Resources */ = {isa = PBXBuildFile; fileRef = 1D03F5C41DADF05100FA3331 /* Sample41.mid */; };
		1D03F5FB1DADF05100FA3331 /* Sample42.mid in Resources */ = {isa = PBXBuildFile; fileRef = 1D03F5C51DADF05100FA3331 /* Sample42.mid */; };
		1D03F5FC1DADF05100FA3331 /* Sample43.mid in Resources */ = {isa = PBXBuildFile; fileRef = 1D03F5C61DADF05100FA3331 /* Sample43.mid */; };
		1D03F5FD1DADF05100FA3331 /* Sample44.mid in Resources */ = {isa = PBXBuildFile; fileRef = 1D03F5C71DADF05100FA3331 /* Sample44.mid */; };
		1D03F5FE1DADF05100FA3331 /* Sample45.mid in Resources */ = {isa = PBXBuildFile; fileRef = 1D03F5C81DADF05100FA3331 /* Sample45.mid */; };
		1D03F5FF1DADF05100FA3331 /* Sample46.mid in Resources */ = {isa = PBXBuildFile; fileRef = 1D03F5C91DADF05100FA3331 /* Sample46.mid */; };
		1D03F6001DADF05100FA3331 /* Sample47.mid in Resources */ = {isa = PBXBuildFile; fileRef = 1D03F5CA1DADF05100FA3331 /* Sample47.mid */; };
		1D03F6011DADF05100FA3331 /* Sample48.mid in Resources */ = {isa = PBXBuildFile; fileRef = 1D03F5CB1DADF05100FA3331 /* Sample48.mid */; };
		1D03F6021DADF05100FA3331 /* Sample49.mid in Resources */ = {isa = PBXBuildFile; fileRef = 1D03F5CC1DADF05100FA3331 /* Sample49.mid */; };
		1D03F6031DADF05100FA3331 /* Sample5.mid in Resources */ = {isa = PBXBuildFile; fileRef = 1D03F5CD1DADF05100FA3331 /* Sample5.mid */; };
		1D03F6041DADF05100FA3331 /* Sample50.mid in Resources */ = {isa = PBXBuildFile; fileRef = 1D03F5CE1DADF05100FA3331 /* Sample50.mid */; };
		1D03F6051DADF05100FA3331 /* Sample51.mid in Resources */ = {isa = PBXBuildFile; fileRef = 1D03F5CF1DADF05100FA3331 /* Sample51.mid */; };
		1D03F6061DADF05100FA3331 /* Sample52.mid in Resources */ = {isa = PBXBuildFile; fileRef = 1D03F5D01DADF05100FA3331 /* Sample52.mid */; };
		1D03F6071DADF05100FA3331 /* Sample53.mid in Resources */ = {isa = PBXBuildFile; fileRef = 1D03F5D11DADF05100FA3331 /* Sample53.mid */; };
		1D03F6081DADF05100FA3331 /* Sample6.mid in Resources */ = {isa = PBXBuildFile; fileRef = 1D03F5D21DADF05100FA3331 /* Sample6.mid */; };
		1D03F6091DADF05100FA3331 /* Sample7.mid in Resources */ = {isa = PBXBuildFile; fileRef = 1D03F5D31DADF05100FA3331 /* Sample7.mid */; };
		1D03F60A1DADF05100FA3331 /* Sample8.mid in Resources */ = {isa = PBXBuildFile; fileRef = 1D03F5D41DADF05100FA3331 /* Sample8.mid */; };
		1D03F60B1DADF05100FA3331 /* Sample9.mid in Resources */ = {isa = PBXBuildFile; fileRef = 1D03F5D51DADF05100FA3331 /* Sample9.mid */; };
		1D1175AA1DA1D10600AFE136 /* AppDelegate.swift in Sources */ = {isa = PBXBuildFile; fileRef = 1D1175A91DA1D10600AFE136 /* AppDelegate.swift */; };
		1D1175AC1DA1D10600AFE136 /* ViewController.swift in Sources */ = {isa = PBXBuildFile; fileRef = 1D1175AB1DA1D10600AFE136 /* ViewController.swift */; };
		1D1175AF1DA1D10600AFE136 /* Main.storyboard in Resources */ = {isa = PBXBuildFile; fileRef = 1D1175AD1DA1D10600AFE136 /* Main.storyboard */; };
		1D1175B11DA1D10600AFE136 /* Assets.xcassets in Resources */ = {isa = PBXBuildFile; fileRef = 1D1175B01DA1D10600AFE136 /* Assets.xcassets */; };
		1D1175B41DA1D10600AFE136 /* LaunchScreen.storyboard in Resources */ = {isa = PBXBuildFile; fileRef = 1D1175B21DA1D10600AFE136 /* LaunchScreen.storyboard */; };
		1D1175BF1DA1D10700AFE136 /* inCTests.swift in Sources */ = {isa = PBXBuildFile; fileRef = 1D1175BE1DA1D10700AFE136 /* inCTests.swift */; };
		1D1175CA1DA1D10700AFE136 /* inCUITests.swift in Sources */ = {isa = PBXBuildFile; fileRef = 1D1175C91DA1D10700AFE136 /* inCUITests.swift */; };
		1DB2CA1E1DA1DA3600E24301 /* NotePlayer.swift in Sources */ = {isa = PBXBuildFile; fileRef = 1DB2CA1D1DA1DA3600E24301 /* NotePlayer.swift */; };
/* End PBXBuildFile section */

/* Begin PBXContainerItemProxy section */
		1D1175BB1DA1D10700AFE136 /* PBXContainerItemProxy */ = {
			isa = PBXContainerItemProxy;
			containerPortal = 1D11759E1DA1D10600AFE136 /* Project object */;
			proxyType = 1;
			remoteGlobalIDString = 1D1175A51DA1D10600AFE136;
			remoteInfo = inC;
		};
		1D1175C61DA1D10700AFE136 /* PBXContainerItemProxy */ = {
			isa = PBXContainerItemProxy;
			containerPortal = 1D11759E1DA1D10600AFE136 /* Project object */;
			proxyType = 1;
			remoteGlobalIDString = 1D1175A51DA1D10600AFE136;
			remoteInfo = inC;
		};
/* End PBXContainerItemProxy section */

/* Begin PBXFileReference section */
		1D03F59B1DADEB6D00FA3331 /* GeneralUser GS MuseScore v1.442.sf2 */ = {isa = PBXFileReference; lastKnownFileType = file; path = "GeneralUser GS MuseScore v1.442.sf2"; sourceTree = "<group>"; };
		1D03F5A01DADF05100FA3331 /* Pulse.midi */ = {isa = PBXFileReference; lastKnownFileType = audio.midi; path = Pulse.midi; sourceTree = "<group>"; };
		1D03F5A11DADF05100FA3331 /* Sample1.mid */ = {isa = PBXFileReference; lastKnownFileType = audio.midi; path = Sample1.mid; sourceTree = "<group>"; };
		1D03F5A21DADF05100FA3331 /* Sample10.mid */ = {isa = PBXFileReference; lastKnownFileType = audio.midi; path = Sample10.mid; sourceTree = "<group>"; };
		1D03F5A31DADF05100FA3331 /* Sample11.mid */ = {isa = PBXFileReference; lastKnownFileType = audio.midi; path = Sample11.mid; sourceTree = "<group>"; };
		1D03F5A41DADF05100FA3331 /* Sample12.mid */ = {isa = PBXFileReference; lastKnownFileType = audio.midi; path = Sample12.mid; sourceTree = "<group>"; };
		1D03F5A51DADF05100FA3331 /* Sample13.mid */ = {isa = PBXFileReference; lastKnownFileType = audio.midi; path = Sample13.mid; sourceTree = "<group>"; };
		1D03F5A61DADF05100FA3331 /* Sample14.mid */ = {isa = PBXFileReference; lastKnownFileType = audio.midi; path = Sample14.mid; sourceTree = "<group>"; };
		1D03F5A71DADF05100FA3331 /* Sample15.mid */ = {isa = PBXFileReference; lastKnownFileType = audio.midi; path = Sample15.mid; sourceTree = "<group>"; };
		1D03F5A81DADF05100FA3331 /* Sample16.mid */ = {isa = PBXFileReference; lastKnownFileType = audio.midi; path = Sample16.mid; sourceTree = "<group>"; };
		1D03F5A91DADF05100FA3331 /* Sample17.mid */ = {isa = PBXFileReference; lastKnownFileType = audio.midi; path = Sample17.mid; sourceTree = "<group>"; };
		1D03F5AA1DADF05100FA3331 /* Sample18.mid */ = {isa = PBXFileReference; lastKnownFileType = audio.midi; path = Sample18.mid; sourceTree = "<group>"; };
		1D03F5AB1DADF05100FA3331 /* Sample19.mid */ = {isa = PBXFileReference; lastKnownFileType = audio.midi; path = Sample19.mid; sourceTree = "<group>"; };
		1D03F5AC1DADF05100FA3331 /* Sample2.mid */ = {isa = PBXFileReference; lastKnownFileType = audio.midi; path = Sample2.mid; sourceTree = "<group>"; };
		1D03F5AD1DADF05100FA3331 /* Sample20.mid */ = {isa = PBXFileReference; lastKnownFileType = audio.midi; path = Sample20.mid; sourceTree = "<group>"; };
		1D03F5AE1DADF05100FA3331 /* Sample21.mid */ = {isa = PBXFileReference; lastKnownFileType = audio.midi; path = Sample21.mid; sourceTree = "<group>"; };
		1D03F5AF1DADF05100FA3331 /* Sample22.mid */ = {isa = PBXFileReference; lastKnownFileType = audio.midi; path = Sample22.mid; sourceTree = "<group>"; };
		1D03F5B01DADF05100FA3331 /* Sample23.mid */ = {isa = PBXFileReference; lastKnownFileType = audio.midi; path = Sample23.mid; sourceTree = "<group>"; };
		1D03F5B11DADF05100FA3331 /* Sample24.mid */ = {isa = PBXFileReference; lastKnownFileType = audio.midi; path = Sample24.mid; sourceTree = "<group>"; };
		1D03F5B21DADF05100FA3331 /* Sample25.mid */ = {isa = PBXFileReference; lastKnownFileType = audio.midi; path = Sample25.mid; sourceTree = "<group>"; };
		1D03F5B31DADF05100FA3331 /* Sample26.mid */ = {isa = PBXFileReference; lastKnownFileType = audio.midi; path = Sample26.mid; sourceTree = "<group>"; };
		1D03F5B41DADF05100FA3331 /* Sample27.mid */ = {isa = PBXFileReference; lastKnownFileType = audio.midi; path = Sample27.mid; sourceTree = "<group>"; };
		1D03F5B51DADF05100FA3331 /* Sample28.mid */ = {isa = PBXFileReference; lastKnownFileType = audio.midi; path = Sample28.mid; sourceTree = "<group>"; };
		1D03F5B61DADF05100FA3331 /* Sample29.mid */ = {isa = PBXFileReference; lastKnownFileType = audio.midi; path = Sample29.mid; sourceTree = "<group>"; };
		1D03F5B71DADF05100FA3331 /* Sample3.mid */ = {isa = PBXFileReference; lastKnownFileType = audio.midi; path = Sample3.mid; sourceTree = "<group>"; };
		1D03F5B81DADF05100FA3331 /* Sample30.mid */ = {isa = PBXFileReference; lastKnownFileType = audio.midi; path = Sample30.mid; sourceTree = "<group>"; };
		1D03F5B91DADF05100FA3331 /* Sample31.mid */ = {isa = PBXFileReference; lastKnownFileType = audio.midi; path = Sample31.mid; sourceTree = "<group>"; };
		1D03F5BA1DADF05100FA3331 /* Sample32.mid */ = {isa = PBXFileReference; lastKnownFileType = audio.midi; path = Sample32.mid; sourceTree = "<group>"; };
		1D03F5BB1DADF05100FA3331 /* Sample33.mid */ = {isa = PBXFileReference; lastKnownFileType = audio.midi; path = Sample33.mid; sourceTree = "<group>"; };
		1D03F5BC1DADF05100FA3331 /* Sample34.mid */ = {isa = PBXFileReference; lastKnownFileType = audio.midi; path = Sample34.mid; sourceTree = "<group>"; };
		1D03F5BD1DADF05100FA3331 /* Sample35.mid */ = {isa = PBXFileReference; lastKnownFileType = audio.midi; path = Sample35.mid; sourceTree = "<group>"; };
		1D03F5BE1DADF05100FA3331 /* Sample36.mid */ = {isa = PBXFileReference; lastKnownFileType = audio.midi; path = Sample36.mid; sourceTree = "<group>"; };
		1D03F5BF1DADF05100FA3331 /* Sample37.mid */ = {isa = PBXFileReference; lastKnownFileType = audio.midi; path = Sample37.mid; sourceTree = "<group>"; };
		1D03F5C01DADF05100FA3331 /* Sample38.mid */ = {isa = PBXFileReference; lastKnownFileType = audio.midi; path = Sample38.mid; sourceTree = "<group>"; };
		1D03F5C11DADF05100FA3331 /* Sample39.mid */ = {isa = PBXFileReference; lastKnownFileType = audio.midi; path = Sample39.mid; sourceTree = "<group>"; };
		1D03F5C21DADF05100FA3331 /* Sample4.mid */ = {isa = PBXFileReference; lastKnownFileType = audio.midi; path = Sample4.mid; sourceTree = "<group>"; };
		1D03F5C31DADF05100FA3331 /* Sample40.mid */ = {isa = PBXFileReference; lastKnownFileType = audio.midi; path = Sample40.mid; sourceTree = "<group>"; };
		1D03F5C41DADF05100FA3331 /* Sample41.mid */ = {isa = PBXFileReference; lastKnownFileType = audio.midi; path = Sample41.mid; sourceTree = "<group>"; };
		1D03F5C51DADF05100FA3331 /* Sample42.mid */ = {isa = PBXFileReference; lastKnownFileType = audio.midi; path = Sample42.mid; sourceTree = "<group>"; };
		1D03F5C61DADF05100FA3331 /* Sample43.mid */ = {isa = PBXFileReference; lastKnownFileType = audio.midi; path = Sample43.mid; sourceTree = "<group>"; };
		1D03F5C71DADF05100FA3331 /* Sample44.mid */ = {isa = PBXFileReference; lastKnownFileType = audio.midi; path = Sample44.mid; sourceTree = "<group>"; };
		1D03F5C81DADF05100FA3331 /* Sample45.mid */ = {isa = PBXFileReference; lastKnownFileType = audio.midi; path = Sample45.mid; sourceTree = "<group>"; };
		1D03F5C91DADF05100FA3331 /* Sample46.mid */ = {isa = PBXFileReference; lastKnownFileType = audio.midi; path = Sample46.mid; sourceTree = "<group>"; };
		1D03F5CA1DADF05100FA3331 /* Sample47.mid */ = {isa = PBXFileReference; lastKnownFileType = audio.midi; path = Sample47.mid; sourceTree = "<group>"; };
		1D03F5CB1DADF05100FA3331 /* Sample48.mid */ = {isa = PBXFileReference; lastKnownFileType = audio.midi; path = Sample48.mid; sourceTree = "<group>"; };
		1D03F5CC1DADF05100FA3331 /* Sample49.mid */ = {isa = PBXFileReference; lastKnownFileType = audio.midi; path = Sample49.mid; sourceTree = "<group>"; };
		1D03F5CD1DADF05100FA3331 /* Sample5.mid */ = {isa = PBXFileReference; lastKnownFileType = audio.midi; path = Sample5.mid; sourceTree = "<group>"; };
		1D03F5CE1DADF05100FA3331 /* Sample50.mid */ = {isa = PBXFileReference; lastKnownFileType = audio.midi; path = Sample50.mid; sourceTree = "<group>"; };
		1D03F5CF1DADF05100FA3331 /* Sample51.mid */ = {isa = PBXFileReference; lastKnownFileType = audio.midi; path = Sample51.mid; sourceTree = "<group>"; };
		1D03F5D01DADF05100FA3331 /* Sample52.mid */ = {isa = PBXFileReference; lastKnownFileType = audio.midi; path = Sample52.mid; sourceTree = "<group>"; };
		1D03F5D11DADF05100FA3331 /* Sample53.mid */ = {isa = PBXFileReference; lastKnownFileType = audio.midi; path = Sample53.mid; sourceTree = "<group>"; };
		1D03F5D21DADF05100FA3331 /* Sample6.mid */ = {isa = PBXFileReference; lastKnownFileType = audio.midi; path = Sample6.mid; sourceTree = "<group>"; };
		1D03F5D31DADF05100FA3331 /* Sample7.mid */ = {isa = PBXFileReference; lastKnownFileType = audio.midi; path = Sample7.mid; sourceTree = "<group>"; };
		1D03F5D41DADF05100FA3331 /* Sample8.mid */ = {isa = PBXFileReference; lastKnownFileType = audio.midi; path = Sample8.mid; sourceTree = "<group>"; };
		1D03F5D51DADF05100FA3331 /* Sample9.mid */ = {isa = PBXFileReference; lastKnownFileType = audio.midi; path = Sample9.mid; sourceTree = "<group>"; };
		1D1175A61DA1D10600AFE136 /* inC.app */ = {isa = PBXFileReference; explicitFileType = wrapper.application; includeInIndex = 0; path = inC.app; sourceTree = BUILT_PRODUCTS_DIR; };
		1D1175A91DA1D10600AFE136 /* AppDelegate.swift */ = {isa = PBXFileReference; lastKnownFileType = sourcecode.swift; path = AppDelegate.swift; sourceTree = "<group>"; };
		1D1175AB1DA1D10600AFE136 /* ViewController.swift */ = {isa = PBXFileReference; lastKnownFileType = sourcecode.swift; path = ViewController.swift; sourceTree = "<group>"; };
		1D1175AE1DA1D10600AFE136 /* Base */ = {isa = PBXFileReference; lastKnownFileType = file.storyboard; name = Base; path = Base.lproj/Main.storyboard; sourceTree = "<group>"; };
		1D1175B01DA1D10600AFE136 /* Assets.xcassets */ = {isa = PBXFileReference; lastKnownFileType = folder.assetcatalog; path = Assets.xcassets; sourceTree = "<group>"; };
		1D1175B31DA1D10600AFE136 /* Base */ = {isa = PBXFileReference; lastKnownFileType = file.storyboard; name = Base; path = Base.lproj/LaunchScreen.storyboard; sourceTree = "<group>"; };
		1D1175B51DA1D10600AFE136 /* Info.plist */ = {isa = PBXFileReference; lastKnownFileType = text.plist.xml; path = Info.plist; sourceTree = "<group>"; };
		1D1175BA1DA1D10700AFE136 /* inCTests.xctest */ = {isa = PBXFileReference; explicitFileType = wrapper.cfbundle; includeInIndex = 0; path = inCTests.xctest; sourceTree = BUILT_PRODUCTS_DIR; };
		1D1175BE1DA1D10700AFE136 /* inCTests.swift */ = {isa = PBXFileReference; lastKnownFileType = sourcecode.swift; path = inCTests.swift; sourceTree = "<group>"; };
		1D1175C01DA1D10700AFE136 /* Info.plist */ = {isa = PBXFileReference; lastKnownFileType = text.plist.xml; path = Info.plist; sourceTree = "<group>"; };
		1D1175C51DA1D10700AFE136 /* inCUITests.xctest */ = {isa = PBXFileReference; explicitFileType = wrapper.cfbundle; includeInIndex = 0; path = inCUITests.xctest; sourceTree = BUILT_PRODUCTS_DIR; };
		1D1175C91DA1D10700AFE136 /* inCUITests.swift */ = {isa = PBXFileReference; lastKnownFileType = sourcecode.swift; path = inCUITests.swift; sourceTree = "<group>"; };
		1D1175CB1DA1D10700AFE136 /* Info.plist */ = {isa = PBXFileReference; lastKnownFileType = text.plist.xml; path = Info.plist; sourceTree = "<group>"; };
		1DB2CA1D1DA1DA3600E24301 /* NotePlayer.swift */ = {isa = PBXFileReference; fileEncoding = 4; lastKnownFileType = sourcecode.swift; path = NotePlayer.swift; sourceTree = "<group>"; };
/* End PBXFileReference section */

/* Begin PBXFrameworksBuildPhase section */
		1D1175A31DA1D10600AFE136 /* Frameworks */ = {
			isa = PBXFrameworksBuildPhase;
			buildActionMask = 2147483647;
			files = (
			);
			runOnlyForDeploymentPostprocessing = 0;
		};
		1D1175B71DA1D10700AFE136 /* Frameworks */ = {
			isa = PBXFrameworksBuildPhase;
			buildActionMask = 2147483647;
			files = (
			);
			runOnlyForDeploymentPostprocessing = 0;
		};
		1D1175C21DA1D10700AFE136 /* Frameworks */ = {
			isa = PBXFrameworksBuildPhase;
			buildActionMask = 2147483647;
			files = (
			);
			runOnlyForDeploymentPostprocessing = 0;
		};
/* End PBXFrameworksBuildPhase section */

/* Begin PBXGroup section */
		1D03F59F1DADF05100FA3331 /* Samples */ = {
			isa = PBXGroup;
			children = (
				1D03F5A01DADF05100FA3331 /* Pulse.midi */,
				1D03F5A11DADF05100FA3331 /* Sample1.mid */,
				1D03F5A21DADF05100FA3331 /* Sample10.mid */,
				1D03F5A31DADF05100FA3331 /* Sample11.mid */,
				1D03F5A41DADF05100FA3331 /* Sample12.mid */,
				1D03F5A51DADF05100FA3331 /* Sample13.mid */,
				1D03F5A61DADF05100FA3331 /* Sample14.mid */,
				1D03F5A71DADF05100FA3331 /* Sample15.mid */,
				1D03F5A81DADF05100FA3331 /* Sample16.mid */,
				1D03F5A91DADF05100FA3331 /* Sample17.mid */,
				1D03F5AA1DADF05100FA3331 /* Sample18.mid */,
				1D03F5AB1DADF05100FA3331 /* Sample19.mid */,
				1D03F5AC1DADF05100FA3331 /* Sample2.mid */,
				1D03F5AD1DADF05100FA3331 /* Sample20.mid */,
				1D03F5AE1DADF05100FA3331 /* Sample21.mid */,
				1D03F5AF1DADF05100FA3331 /* Sample22.mid */,
				1D03F5B01DADF05100FA3331 /* Sample23.mid */,
				1D03F5B11DADF05100FA3331 /* Sample24.mid */,
				1D03F5B21DADF05100FA3331 /* Sample25.mid */,
				1D03F5B31DADF05100FA3331 /* Sample26.mid */,
				1D03F5B41DADF05100FA3331 /* Sample27.mid */,
				1D03F5B51DADF05100FA3331 /* Sample28.mid */,
				1D03F5B61DADF05100FA3331 /* Sample29.mid */,
				1D03F5B71DADF05100FA3331 /* Sample3.mid */,
				1D03F5B81DADF05100FA3331 /* Sample30.mid */,
				1D03F5B91DADF05100FA3331 /* Sample31.mid */,
				1D03F5BA1DADF05100FA3331 /* Sample32.mid */,
				1D03F5BB1DADF05100FA3331 /* Sample33.mid */,
				1D03F5BC1DADF05100FA3331 /* Sample34.mid */,
				1D03F5BD1DADF05100FA3331 /* Sample35.mid */,
				1D03F5BE1DADF05100FA3331 /* Sample36.mid */,
				1D03F5BF1DADF05100FA3331 /* Sample37.mid */,
				1D03F5C01DADF05100FA3331 /* Sample38.mid */,
				1D03F5C11DADF05100FA3331 /* Sample39.mid */,
				1D03F5C21DADF05100FA3331 /* Sample4.mid */,
				1D03F5C31DADF05100FA3331 /* Sample40.mid */,
				1D03F5C41DADF05100FA3331 /* Sample41.mid */,
				1D03F5C51DADF05100FA3331 /* Sample42.mid */,
				1D03F5C61DADF05100FA3331 /* Sample43.mid */,
				1D03F5C71DADF05100FA3331 /* Sample44.mid */,
				1D03F5C81DADF05100FA3331 /* Sample45.mid */,
				1D03F5C91DADF05100FA3331 /* Sample46.mid */,
				1D03F5CA1DADF05100FA3331 /* Sample47.mid */,
				1D03F5CB1DADF05100FA3331 /* Sample48.mid */,
				1D03F5CC1DADF05100FA3331 /* Sample49.mid */,
				1D03F5CD1DADF05100FA3331 /* Sample5.mid */,
				1D03F5CE1DADF05100FA3331 /* Sample50.mid */,
				1D03F5CF1DADF05100FA3331 /* Sample51.mid */,
				1D03F5D01DADF05100FA3331 /* Sample52.mid */,
				1D03F5D11DADF05100FA3331 /* Sample53.mid */,
				1D03F5D21DADF05100FA3331 /* Sample6.mid */,
				1D03F5D31DADF05100FA3331 /* Sample7.mid */,
				1D03F5D41DADF05100FA3331 /* Sample8.mid */,
				1D03F5D51DADF05100FA3331 /* Sample9.mid */,
			);
			path = Samples;
			sourceTree = "<group>";
		};
		1D11759D1DA1D10600AFE136 = {
			isa = PBXGroup;
			children = (
				1D1175A81DA1D10600AFE136 /* inC */,
				1D1175BD1DA1D10700AFE136 /* inCTests */,
				1D1175C81DA1D10700AFE136 /* inCUITests */,
				1D1175A71DA1D10600AFE136 /* Products */,
			);
			sourceTree = "<group>";
		};
		1D1175A71DA1D10600AFE136 /* Products */ = {
			isa = PBXGroup;
			children = (
				1D1175A61DA1D10600AFE136 /* inC.app */,
				1D1175BA1DA1D10700AFE136 /* inCTests.xctest */,
				1D1175C51DA1D10700AFE136 /* inCUITests.xctest */,
			);
			name = Products;
			sourceTree = "<group>";
		};
		1D1175A81DA1D10600AFE136 /* inC */ = {
			isa = PBXGroup;
			children = (
				1D1175A91DA1D10600AFE136 /* AppDelegate.swift */,
				1D1175AB1DA1D10600AFE136 /* ViewController.swift */,
				1D1175AD1DA1D10600AFE136 /* Main.storyboard */,
				1D1175B01DA1D10600AFE136 /* Assets.xcassets */,
				1D1175B21DA1D10600AFE136 /* LaunchScreen.storyboard */,
				1D03F59F1DADF05100FA3331 /* Samples */,
				1D1175B51DA1D10600AFE136 /* Info.plist */,
				1DB2CA1D1DA1DA3600E24301 /* NotePlayer.swift */,
				1D03F59B1DADEB6D00FA3331 /* GeneralUser GS MuseScore v1.442.sf2 */,
			);
			path = inC;
			sourceTree = "<group>";
		};
		1D1175BD1DA1D10700AFE136 /* inCTests */ = {
			isa = PBXGroup;
			children = (
				1D1175BE1DA1D10700AFE136 /* inCTests.swift */,
				1D1175C01DA1D10700AFE136 /* Info.plist */,
			);
			path = inCTests;
			sourceTree = "<group>";
		};
		1D1175C81DA1D10700AFE136 /* inCUITests */ = {
			isa = PBXGroup;
			children = (
				1D1175C91DA1D10700AFE136 /* inCUITests.swift */,
				1D1175CB1DA1D10700AFE136 /* Info.plist */,
			);
			path = inCUITests;
			sourceTree = "<group>";
		};
/* End PBXGroup section */

/* Begin PBXNativeTarget section */
		1D1175A51DA1D10600AFE136 /* inC */ = {
			isa = PBXNativeTarget;
			buildConfigurationList = 1D1175CE1DA1D10700AFE136 /* Build configuration list for PBXNativeTarget "inC" */;
			buildPhases = (
				1D1175A21DA1D10600AFE136 /* Sources */,
				1D1175A31DA1D10600AFE136 /* Frameworks */,
				1D1175A41DA1D10600AFE136 /* Resources */,
			);
			buildRules = (
			);
			dependencies = (
			);
			name = inC;
			productName = inC;
			productReference = 1D1175A61DA1D10600AFE136 /* inC.app */;
			productType = "com.apple.product-type.application";
		};
		1D1175B91DA1D10700AFE136 /* inCTests */ = {
			isa = PBXNativeTarget;
			buildConfigurationList = 1D1175D11DA1D10700AFE136 /* Build configuration list for PBXNativeTarget "inCTests" */;
			buildPhases = (
				1D1175B61DA1D10700AFE136 /* Sources */,
				1D1175B71DA1D10700AFE136 /* Frameworks */,
				1D1175B81DA1D10700AFE136 /* Resources */,
			);
			buildRules = (
			);
			dependencies = (
				1D1175BC1DA1D10700AFE136 /* PBXTargetDependency */,
			);
			name = inCTests;
			productName = inCTests;
			productReference = 1D1175BA1DA1D10700AFE136 /* inCTests.xctest */;
			productType = "com.apple.product-type.bundle.unit-test";
		};
		1D1175C41DA1D10700AFE136 /* inCUITests */ = {
			isa = PBXNativeTarget;
			buildConfigurationList = 1D1175D41DA1D10700AFE136 /* Build configuration list for PBXNativeTarget "inCUITests" */;
			buildPhases = (
				1D1175C11DA1D10700AFE136 /* Sources */,
				1D1175C21DA1D10700AFE136 /* Frameworks */,
				1D1175C31DA1D10700AFE136 /* Resources */,
			);
			buildRules = (
			);
			dependencies = (
				1D1175C71DA1D10700AFE136 /* PBXTargetDependency */,
			);
			name = inCUITests;
			productName = inCUITests;
			productReference = 1D1175C51DA1D10700AFE136 /* inCUITests.xctest */;
			productType = "com.apple.product-type.bundle.ui-testing";
		};
/* End PBXNativeTarget section */

/* Begin PBXProject section */
		1D11759E1DA1D10600AFE136 /* Project object */ = {
			isa = PBXProject;
			attributes = {
				LastSwiftUpdateCheck = 0800;
				LastUpgradeCheck = 0800;
				ORGANIZATIONNAME = "Russell DuBrock";
				TargetAttributes = {
					1D1175A51DA1D10600AFE136 = {
						CreatedOnToolsVersion = 8.0;
						DevelopmentTeam = 98M8VVG6FD;
						ProvisioningStyle = Automatic;
					};
					1D1175B91DA1D10700AFE136 = {
						CreatedOnToolsVersion = 8.0;
						ProvisioningStyle = Automatic;
						TestTargetID = 1D1175A51DA1D10600AFE136;
					};
					1D1175C41DA1D10700AFE136 = {
						CreatedOnToolsVersion = 8.0;
						ProvisioningStyle = Automatic;
						TestTargetID = 1D1175A51DA1D10600AFE136;
					};
				};
			};
			buildConfigurationList = 1D1175A11DA1D10600AFE136 /* Build configuration list for PBXProject "inC" */;
			compatibilityVersion = "Xcode 3.2";
			developmentRegion = English;
			hasScannedForEncodings = 0;
			knownRegions = (
				en,
				Base,
			);
			mainGroup = 1D11759D1DA1D10600AFE136;
			productRefGroup = 1D1175A71DA1D10600AFE136 /* Products */;
			projectDirPath = "";
			projectRoot = "";
			targets = (
				1D1175A51DA1D10600AFE136 /* inC */,
				1D1175B91DA1D10700AFE136 /* inCTests */,
				1D1175C41DA1D10700AFE136 /* inCUITests */,
			);
		};
/* End PBXProject section */

/* Begin PBXResourcesBuildPhase section */
		1D1175A41DA1D10600AFE136 /* Resources */ = {
			isa = PBXResourcesBuildPhase;
			buildActionMask = 2147483647;
			files = (
				1D03F5F21DADF05100FA3331 /* Sample34.mid in Resources */,
				1D03F5E61DADF05100FA3331 /* Sample23.mid in Resources */,
				1D03F5FF1DADF05100FA3331 /* Sample46.mid in Resources */,
				1D03F5FD1DADF05100FA3331 /* Sample44.mid in Resources */,
				1D03F5F81DADF05100FA3331 /* Sample4.mid in Resources */,
				1D03F5E11DADF05100FA3331 /* Sample19.mid in Resources */,
				1D03F60B1DADF05100FA3331 /* Sample9.mid in Resources */,
				1D03F5DD1DADF05100FA3331 /* Sample15.mid in Resources */,
				1D03F5D91DADF05100FA3331 /* Sample11.mid in Resources */,
				1D03F5FB1DADF05100FA3331 /* Sample42.mid in Resources */,
				1D03F6041DADF05100FA3331 /* Sample50.mid in Resources */,
				1D03F5EB1DADF05100FA3331 /* Sample28.mid in Resources */,
				1D03F60A1DADF05100FA3331 /* Sample8.mid in Resources */,
				1D1175B41DA1D10600AFE136 /* LaunchScreen.storyboard in Resources */,
				1D03F5D61DADF05100FA3331 /* Pulse.midi in Resources */,
				1D03F6001DADF05100FA3331 /* Sample47.mid in Resources */,
				1D03F6021DADF05100FA3331 /* Sample49.mid in Resources */,
				1D03F5E91DADF05100FA3331 /* Sample26.mid in Resources */,
				1D03F5DF1DADF05100FA3331 /* Sample17.mid in Resources */,
				1D03F5DA1DADF05100FA3331 /* Sample12.mid in Resources */,
				1D03F5DE1DADF05100FA3331 /* Sample16.mid in Resources */,
				1D03F5F51DADF05100FA3331 /* Sample37.mid in Resources */,
				1D03F6011DADF05100FA3331 /* Sample48.mid in Resources */,
				1D03F5DB1DADF05100FA3331 /* Sample13.mid in Resources */,
				1D03F5F71DADF05100FA3331 /* Sample39.mid in Resources */,
				1D03F5F01DADF05100FA3331 /* Sample32.mid in Resources */,
				1D03F5FC1DADF05100FA3331 /* Sample43.mid in Resources */,
				1D03F5D71DADF05100FA3331 /* Sample1.mid in Resources */,
				1D03F5E01DADF05100FA3331 /* Sample18.mid in Resources */,
				1D1175B11DA1D10600AFE136 /* Assets.xcassets in Resources */,
				1D03F6091DADF05100FA3331 /* Sample7.mid in Resources */,
				1D03F5F61DADF05100FA3331 /* Sample38.mid in Resources */,
				1D03F5EE1DADF05100FA3331 /* Sample30.mid in Resources */,
				1D03F5EA1DADF05100FA3331 /* Sample27.mid in Resources */,
				1D03F5ED1DADF05100FA3331 /* Sample3.mid in Resources */,
				1D03F5E31DADF05100FA3331 /* Sample20.mid in Resources */,
				1D03F5DC1DADF05100FA3331 /* Sample14.mid in Resources */,
				1D03F6081DADF05100FA3331 /* Sample6.mid in Resources */,
				1D03F5E81DADF05100FA3331 /* Sample25.mid in Resources */,
				1D03F5FA1DADF05100FA3331 /* Sample41.mid in Resources */,
				1D03F5E51DADF05100FA3331 /* Sample22.mid in Resources */,
				1D03F5F41DADF05100FA3331 /* Sample36.mid in Resources */,
				1D03F5E41DADF05100FA3331 /* Sample21.mid in Resources */,
				1D03F5EC1DADF05100FA3331 /* Sample29.mid in Resources */,
				1D03F6051DADF05100FA3331 /* Sample51.mid in Resources */,
				1D03F5F31DADF05100FA3331 /* Sample35.mid in Resources */,
				1D03F6031DADF05100FA3331 /* Sample5.mid in Resources */,
				1D03F5EF1DADF05100FA3331 /* Sample31.mid in Resources */,
				1D03F6061DADF05100FA3331 /* Sample52.mid in Resources */,
				1D03F5D81DADF05100FA3331 /* Sample10.mid in Resources */,
				1D03F5F91DADF05100FA3331 /* Sample40.mid in Resources */,
				1D03F5FE1DADF05100FA3331 /* Sample45.mid in Resources */,
				1D03F6071DADF05100FA3331 /* Sample53.mid in Resources */,
				1D03F5E21DADF05100FA3331 /* Sample2.mid in Resources */,
				1D03F5F11DADF05100FA3331 /* Sample33.mid in Resources */,
				1D03F59C1DADEB6D00FA3331 /* GeneralUser GS MuseScore v1.442.sf2 in Resources */,
				1D03F5E71DADF05100FA3331 /* Sample24.mid in Resources */,
				1D1175AF1DA1D10600AFE136 /* Main.storyboard in Resources */,
			);
			runOnlyForDeploymentPostprocessing = 0;
		};
		1D1175B81DA1D10700AFE136 /* Resources */ = {
			isa = PBXResourcesBuildPhase;
			buildActionMask = 2147483647;
			files = (
			);
			runOnlyForDeploymentPostprocessing = 0;
		};
		1D1175C31DA1D10700AFE136 /* Resources */ = {
			isa = PBXResourcesBuildPhase;
			buildActionMask = 2147483647;
			files = (
			);
			runOnlyForDeploymentPostprocessing = 0;
		};
/* End PBXResourcesBuildPhase section */

/* Begin PBXSourcesBuildPhase section */
		1D1175A21DA1D10600AFE136 /* Sources */ = {
			isa = PBXSourcesBuildPhase;
			buildActionMask = 2147483647;
			files = (
				1DB2CA1E1DA1DA3600E24301 /* NotePlayer.swift in Sources */,
				1D1175AC1DA1D10600AFE136 /* ViewController.swift in Sources */,
				1D1175AA1DA1D10600AFE136 /* AppDelegate.swift in Sources */,
			);
			runOnlyForDeploymentPostprocessing = 0;
		};
		1D1175B61DA1D10700AFE136 /* Sources */ = {
			isa = PBXSourcesBuildPhase;
			buildActionMask = 2147483647;
			files = (
				1D1175BF1DA1D10700AFE136 /* inCTests.swift in Sources */,
			);
			runOnlyForDeploymentPostprocessing = 0;
		};
		1D1175C11DA1D10700AFE136 /* Sources */ = {
			isa = PBXSourcesBuildPhase;
			buildActionMask = 2147483647;
			files = (
				1D1175CA1DA1D10700AFE136 /* inCUITests.swift in Sources */,
			);
			runOnlyForDeploymentPostprocessing = 0;
		};
/* End PBXSourcesBuildPhase section */

/* Begin PBXTargetDependency section */
		1D1175BC1DA1D10700AFE136 /* PBXTargetDependency */ = {
			isa = PBXTargetDependency;
			target = 1D1175A51DA1D10600AFE136 /* inC */;
			targetProxy = 1D1175BB1DA1D10700AFE136 /* PBXContainerItemProxy */;
		};
		1D1175C71DA1D10700AFE136 /* PBXTargetDependency */ = {
			isa = PBXTargetDependency;
			target = 1D1175A51DA1D10600AFE136 /* inC */;
			targetProxy = 1D1175C61DA1D10700AFE136 /* PBXContainerItemProxy */;
		};
/* End PBXTargetDependency section */

/* Begin PBXVariantGroup section */
		1D1175AD1DA1D10600AFE136 /* Main.storyboard */ = {
			isa = PBXVariantGroup;
			children = (
				1D1175AE1DA1D10600AFE136 /* Base */,
			);
			name = Main.storyboard;
			sourceTree = "<group>";
		};
		1D1175B21DA1D10600AFE136 /* LaunchScreen.storyboard */ = {
			isa = PBXVariantGroup;
			children = (
				1D1175B31DA1D10600AFE136 /* Base */,
			);
			name = LaunchScreen.storyboard;
			sourceTree = "<group>";
		};
/* End PBXVariantGroup section */

/* Begin XCBuildConfiguration section */
		1D1175CC1DA1D10700AFE136 /* Debug */ = {
			isa = XCBuildConfiguration;
			buildSettings = {
				ALWAYS_SEARCH_USER_PATHS = NO;
				CLANG_ANALYZER_NONNULL = YES;
				CLANG_CXX_LANGUAGE_STANDARD = "gnu++0x";
				CLANG_CXX_LIBRARY = "libc++";
				CLANG_ENABLE_MODULES = YES;
				CLANG_ENABLE_OBJC_ARC = YES;
				CLANG_WARN_BOOL_CONVERSION = YES;
				CLANG_WARN_CONSTANT_CONVERSION = YES;
				CLANG_WARN_DIRECT_OBJC_ISA_USAGE = YES_ERROR;
				CLANG_WARN_DOCUMENTATION_COMMENTS = YES;
				CLANG_WARN_EMPTY_BODY = YES;
				CLANG_WARN_ENUM_CONVERSION = YES;
				CLANG_WARN_INFINITE_RECURSION = YES;
				CLANG_WARN_INT_CONVERSION = YES;
				CLANG_WARN_OBJC_ROOT_CLASS = YES_ERROR;
				CLANG_WARN_SUSPICIOUS_MOVES = YES;
				CLANG_WARN_UNREACHABLE_CODE = YES;
				CLANG_WARN__DUPLICATE_METHOD_MATCH = YES;
				"CODE_SIGN_IDENTITY[sdk=iphoneos*]" = "iPhone Developer";
				COPY_PHASE_STRIP = NO;
				DEBUG_INFORMATION_FORMAT = dwarf;
				ENABLE_STRICT_OBJC_MSGSEND = YES;
				ENABLE_TESTABILITY = YES;
				GCC_C_LANGUAGE_STANDARD = gnu99;
				GCC_DYNAMIC_NO_PIC = NO;
				GCC_NO_COMMON_BLOCKS = YES;
				GCC_OPTIMIZATION_LEVEL = 0;
				GCC_PREPROCESSOR_DEFINITIONS = (
					"DEBUG=1",
					"$(inherited)",
				);
				GCC_WARN_64_TO_32_BIT_CONVERSION = YES;
				GCC_WARN_ABOUT_RETURN_TYPE = YES_ERROR;
				GCC_WARN_UNDECLARED_SELECTOR = YES;
				GCC_WARN_UNINITIALIZED_AUTOS = YES_AGGRESSIVE;
				GCC_WARN_UNUSED_FUNCTION = YES;
				GCC_WARN_UNUSED_VARIABLE = YES;
				IPHONEOS_DEPLOYMENT_TARGET = 10.0;
				MTL_ENABLE_DEBUG_INFO = YES;
				ONLY_ACTIVE_ARCH = YES;
				SDKROOT = iphoneos;
				SWIFT_ACTIVE_COMPILATION_CONDITIONS = DEBUG;
				SWIFT_OPTIMIZATION_LEVEL = "-Onone";
				TARGETED_DEVICE_FAMILY = "1,2";
			};
			name = Debug;
		};
		1D1175CD1DA1D10700AFE136 /* Release */ = {
			isa = XCBuildConfiguration;
			buildSettings = {
				ALWAYS_SEARCH_USER_PATHS = NO;
				CLANG_ANALYZER_NONNULL = YES;
				CLANG_CXX_LANGUAGE_STANDARD = "gnu++0x";
				CLANG_CXX_LIBRARY = "libc++";
				CLANG_ENABLE_MODULES = YES;
				CLANG_ENABLE_OBJC_ARC = YES;
				CLANG_WARN_BOOL_CONVERSION = YES;
				CLANG_WARN_CONSTANT_CONVERSION = YES;
				CLANG_WARN_DIRECT_OBJC_ISA_USAGE = YES_ERROR;
				CLANG_WARN_DOCUMENTATION_COMMENTS = YES;
				CLANG_WARN_EMPTY_BODY = YES;
				CLANG_WARN_ENUM_CONVERSION = YES;
				CLANG_WARN_INFINITE_RECURSION = YES;
				CLANG_WARN_INT_CONVERSION = YES;
				CLANG_WARN_OBJC_ROOT_CLASS = YES_ERROR;
				CLANG_WARN_SUSPICIOUS_MOVES = YES;
				CLANG_WARN_UNREACHABLE_CODE = YES;
				CLANG_WARN__DUPLICATE_METHOD_MATCH = YES;
				"CODE_SIGN_IDENTITY[sdk=iphoneos*]" = "iPhone Developer";
				COPY_PHASE_STRIP = NO;
				DEBUG_INFORMATION_FORMAT = "dwarf-with-dsym";
				ENABLE_NS_ASSERTIONS = NO;
				ENABLE_STRICT_OBJC_MSGSEND = YES;
				GCC_C_LANGUAGE_STANDARD = gnu99;
				GCC_NO_COMMON_BLOCKS = YES;
				GCC_WARN_64_TO_32_BIT_CONVERSION = YES;
				GCC_WARN_ABOUT_RETURN_TYPE = YES_ERROR;
				GCC_WARN_UNDECLARED_SELECTOR = YES;
				GCC_WARN_UNINITIALIZED_AUTOS = YES_AGGRESSIVE;
				GCC_WARN_UNUSED_FUNCTION = YES;
				GCC_WARN_UNUSED_VARIABLE = YES;
				IPHONEOS_DEPLOYMENT_TARGET = 10.0;
				MTL_ENABLE_DEBUG_INFO = NO;
				SDKROOT = iphoneos;
				SWIFT_OPTIMIZATION_LEVEL = "-Owholemodule";
				TARGETED_DEVICE_FAMILY = "1,2";
				VALIDATE_PRODUCT = YES;
			};
			name = Release;
		};
		1D1175CF1DA1D10700AFE136 /* Debug */ = {
			isa = XCBuildConfiguration;
			buildSettings = {
				ASSETCATALOG_COMPILER_APPICON_NAME = AppIcon;
				DEVELOPMENT_TEAM = 98M8VVG6FD;
				INFOPLIST_FILE = inC/Info.plist;
				IPHONEOS_DEPLOYMENT_TARGET = 9.0;
				LD_RUNPATH_SEARCH_PATHS = "$(inherited) @executable_path/Frameworks";
				PRODUCT_BUNDLE_IDENTIFIER = com.russdubrock.inC;
				PRODUCT_NAME = "$(TARGET_NAME)";
				SWIFT_VERSION = 3.0;
			};
			name = Debug;
		};
		1D1175D01DA1D10700AFE136 /* Release */ = {
			isa = XCBuildConfiguration;
			buildSettings = {
				ASSETCATALOG_COMPILER_APPICON_NAME = AppIcon;
				DEVELOPMENT_TEAM = 98M8VVG6FD;
				INFOPLIST_FILE = inC/Info.plist;
				IPHONEOS_DEPLOYMENT_TARGET = 9.0;
				LD_RUNPATH_SEARCH_PATHS = "$(inherited) @executable_path/Frameworks";
				PRODUCT_BUNDLE_IDENTIFIER = com.russdubrock.inC;
				PRODUCT_NAME = "$(TARGET_NAME)";
				SWIFT_VERSION = 3.0;
			};
			name = Release;
		};
		1D1175D21DA1D10700AFE136 /* Debug */ = {
			isa = XCBuildConfiguration;
			buildSettings = {
				ALWAYS_EMBED_SWIFT_STANDARD_LIBRARIES = YES;
				BUNDLE_LOADER = "$(TEST_HOST)";
				INFOPLIST_FILE = inCTests/Info.plist;
				LD_RUNPATH_SEARCH_PATHS = "$(inherited) @executable_path/Frameworks @loader_path/Frameworks";
				PRODUCT_BUNDLE_IDENTIFIER = com.russdubrock.inCTests;
				PRODUCT_NAME = "$(TARGET_NAME)";
				SWIFT_VERSION = 3.0;
				TEST_HOST = "$(BUILT_PRODUCTS_DIR)/inC.app/inC";
			};
			name = Debug;
		};
		1D1175D31DA1D10700AFE136 /* Release */ = {
			isa = XCBuildConfiguration;
			buildSettings = {
				ALWAYS_EMBED_SWIFT_STANDARD_LIBRARIES = YES;
				BUNDLE_LOADER = "$(TEST_HOST)";
				INFOPLIST_FILE = inCTests/Info.plist;
				LD_RUNPATH_SEARCH_PATHS = "$(inherited) @executable_path/Frameworks @loader_path/Frameworks";
				PRODUCT_BUNDLE_IDENTIFIER = com.russdubrock.inCTests;
				PRODUCT_NAME = "$(TARGET_NAME)";
				SWIFT_VERSION = 3.0;
				TEST_HOST = "$(BUILT_PRODUCTS_DIR)/inC.app/inC";
			};
			name = Release;
		};
		1D1175D51DA1D10700AFE136 /* Debug */ = {
			isa = XCBuildConfiguration;
			buildSettings = {
				ALWAYS_EMBED_SWIFT_STANDARD_LIBRARIES = YES;
				INFOPLIST_FILE = inCUITests/Info.plist;
				LD_RUNPATH_SEARCH_PATHS = "$(inherited) @executable_path/Frameworks @loader_path/Frameworks";
				PRODUCT_BUNDLE_IDENTIFIER = com.russdubrock.inCUITests;
				PRODUCT_NAME = "$(TARGET_NAME)";
				SWIFT_VERSION = 3.0;
				TEST_TARGET_NAME = inC;
			};
			name = Debug;
		};
		1D1175D61DA1D10700AFE136 /* Release */ = {
			isa = XCBuildConfiguration;
			buildSettings = {
				ALWAYS_EMBED_SWIFT_STANDARD_LIBRARIES = YES;
				INFOPLIST_FILE = inCUITests/Info.plist;
				LD_RUNPATH_SEARCH_PATHS = "$(inherited) @executable_path/Frameworks @loader_path/Frameworks";
				PRODUCT_BUNDLE_IDENTIFIER = com.russdubrock.inCUITests;
				PRODUCT_NAME = "$(TARGET_NAME)";
				SWIFT_VERSION = 3.0;
				TEST_TARGET_NAME = inC;
			};
			name = Release;
		};
/* End XCBuildConfiguration section */

/* Begin XCConfigurationList section */
		1D1175A11DA1D10600AFE136 /* Build configuration list for PBXProject "inC" */ = {
			isa = XCConfigurationList;
			buildConfigurations = (
				1D1175CC1DA1D10700AFE136 /* Debug */,
				1D1175CD1DA1D10700AFE136 /* Release */,
			);
			defaultConfigurationIsVisible = 0;
			defaultConfigurationName = Release;
		};
		1D1175CE1DA1D10700AFE136 /* Build configuration list for PBXNativeTarget "inC" */ = {
			isa = XCConfigurationList;
			buildConfigurations = (
				1D1175CF1DA1D10700AFE136 /* Debug */,
				1D1175D01DA1D10700AFE136 /* Release */,
			);
			defaultConfigurationIsVisible = 0;
			defaultConfigurationName = Release;
		};
		1D1175D11DA1D10700AFE136 /* Build configuration list for PBXNativeTarget "inCTests" */ = {
			isa = XCConfigurationList;
			buildConfigurations = (
				1D1175D21DA1D10700AFE136 /* Debug */,
				1D1175D31DA1D10700AFE136 /* Release */,
			);
			defaultConfigurationIsVisible = 0;
			defaultConfigurationName = Release;
		};
		1D1175D41DA1D10700AFE136 /* Build configuration list for PBXNativeTarget "inCUITests" */ = {
			isa = XCConfigurationList;
			buildConfigurations = (
				1D1175D51DA1D10700AFE136 /* Debug */,
				1D1175D61DA1D10700AFE136 /* Release */,
			);
			defaultConfigurationIsVisible = 0;
			defaultConfigurationName = Release;
		};
/* End XCConfigurationList section */
	};
	rootObject = 1D11759E1DA1D10600AFE136 /* Project object */;
}
